
Microsoft Visual Studio Solution File, Format Version 12.00
# Visual Studio 15
VisualStudioVersion = 15.0.26124.0
MinimumVisualStudioVersion = 15.0.26124.0
Project("{2150E333-8FDC-42A3-9474-1A3956D46DE8}") = "src", "src", "{FC0CD544-2D83-46B0-9D47-6013310C3AAF}"
EndProject
Project("{FAE04EC0-301F-11D3-BF4B-00C04F79EFBC}") = "JarrodDavis.GitFlowVersion.Core", "src\JarrodDavis.GitFlowVersion.Core\JarrodDavis.GitFlowVersion.Core.csproj", "{EBB9EE7F-FF9E-4465-B838-D236C57BFD1B}"
EndProject
Project("{2150E333-8FDC-42A3-9474-1A3956D46DE8}") = "tests", "tests", "{67628EE3-1FF9-4F33-9093-F6F45171D996}"
EndProject
Project("{FAE04EC0-301F-11D3-BF4B-00C04F79EFBC}") = "JarrodDavis.GitFlowVersion.Core.Tests", "tests\JarrodDavis.GitFlowVersion.Core.Tests\JarrodDavis.GitFlowVersion.Core.Tests.csproj", "{F3BCD7EC-3724-44B7-A1D8-9C6FDEF0F640}"
EndProject
Global
	GlobalSection(SolutionConfigurationPlatforms) = preSolution
		Debug|Any CPU = Debug|Any CPU
		Debug|x64 = Debug|x64
		Debug|x86 = Debug|x86
		Release|Any CPU = Release|Any CPU
		Release|x64 = Release|x64
		Release|x86 = Release|x86
	EndGlobalSection
	GlobalSection(SolutionProperties) = preSolution
		HideSolutionNode = FALSE
	EndGlobalSection
	GlobalSection(ProjectConfigurationPlatforms) = postSolution
		{EBB9EE7F-FF9E-4465-B838-D236C57BFD1B}.Debug|Any CPU.ActiveCfg = Debug|Any CPU
		{EBB9EE7F-FF9E-4465-B838-D236C57BFD1B}.Debug|Any CPU.Build.0 = Debug|Any CPU
		{EBB9EE7F-FF9E-4465-B838-D236C57BFD1B}.Debug|x64.ActiveCfg = Debug|x64
		{EBB9EE7F-FF9E-4465-B838-D236C57BFD1B}.Debug|x64.Build.0 = Debug|x64
		{EBB9EE7F-FF9E-4465-B838-D236C57BFD1B}.Debug|x86.ActiveCfg = Debug|x86
		{EBB9EE7F-FF9E-4465-B838-D236C57BFD1B}.Debug|x86.Build.0 = Debug|x86
		{EBB9EE7F-FF9E-4465-B838-D236C57BFD1B}.Release|Any CPU.ActiveCfg = Release|Any CPU
		{EBB9EE7F-FF9E-4465-B838-D236C57BFD1B}.Release|Any CPU.Build.0 = Release|Any CPU
		{EBB9EE7F-FF9E-4465-B838-D236C57BFD1B}.Release|x64.ActiveCfg = Release|x64
		{EBB9EE7F-FF9E-4465-B838-D236C57BFD1B}.Release|x64.Build.0 = Release|x64
		{EBB9EE7F-FF9E-4465-B838-D236C57BFD1B}.Release|x86.ActiveCfg = Release|x86
		{EBB9EE7F-FF9E-4465-B838-D236C57BFD1B}.Release|x86.Build.0 = Release|x86
		{F3BCD7EC-3724-44B7-A1D8-9C6FDEF0F640}.Debug|Any CPU.ActiveCfg = Debug|Any CPU
		{F3BCD7EC-3724-44B7-A1D8-9C6FDEF0F640}.Debug|Any CPU.Build.0 = Debug|Any CPU
		{F3BCD7EC-3724-44B7-A1D8-9C6FDEF0F640}.Debug|x64.ActiveCfg = Debug|x64
		{F3BCD7EC-3724-44B7-A1D8-9C6FDEF0F640}.Debug|x64.Build.0 = Debug|x64
		{F3BCD7EC-3724-44B7-A1D8-9C6FDEF0F640}.Debug|x86.ActiveCfg = Debug|x86
		{F3BCD7EC-3724-44B7-A1D8-9C6FDEF0F640}.Debug|x86.Build.0 = Debug|x86
		{F3BCD7EC-3724-44B7-A1D8-9C6FDEF0F640}.Release|Any CPU.ActiveCfg = Release|Any CPU
		{F3BCD7EC-3724-44B7-A1D8-9C6FDEF0F640}.Release|Any CPU.Build.0 = Release|Any CPU
		{F3BCD7EC-3724-44B7-A1D8-9C6FDEF0F640}.Release|x64.ActiveCfg = Release|x64
		{F3BCD7EC-3724-44B7-A1D8-9C6FDEF0F640}.Release|x64.Build.0 = Release|x64
		{F3BCD7EC-3724-44B7-A1D8-9C6FDEF0F640}.Release|x86.ActiveCfg = Release|x86
		{F3BCD7EC-3724-44B7-A1D8-9C6FDEF0F640}.Release|x86.Build.0 = Release|x86
	EndGlobalSection
	GlobalSection(NestedProjects) = preSolution
		{EBB9EE7F-FF9E-4465-B838-D236C57BFD1B} = {FC0CD544-2D83-46B0-9D47-6013310C3AAF}
		{F3BCD7EC-3724-44B7-A1D8-9C6FDEF0F640} = {67628EE3-1FF9-4F33-9093-F6F45171D996}
	EndGlobalSection
EndGlobal
